
Microsoft Visual Studio Solution File, Format Version 12.00
# Visual Studio 14
VisualStudioVersion = 14.0.25420.1
MinimumVisualStudioVersion = 10.0.40219.1
Project("{FAE04EC0-301F-11D3-BF4B-00C04F79EFBC}") = "MajicalSurvey.Data", "MajicalSurvey.Data\MajicalSurvey.Data.csproj", "{F103C3B3-1161-44B5-BAA4-D0FA50A3D48C}"
EndProject
Project("{FAE04EC0-301F-11D3-BF4B-00C04F79EFBC}") = "MajicalSurvey.UI", "MajicalSurvey.UI\MajicalSurvey.UI.csproj", "{4681AAAC-FD9F-4609-AC34-885E30464D51}"
EndProject
Global
	GlobalSection(SolutionConfigurationPlatforms) = preSolution
		Debug|Any CPU = Debug|Any CPU
		Release|Any CPU = Release|Any CPU
	EndGlobalSection
	GlobalSection(ProjectConfigurationPlatforms) = postSolution
		{F103C3B3-1161-44B5-BAA4-D0FA50A3D48C}.Debug|Any CPU.ActiveCfg = Debug|Any CPU
		{F103C3B3-1161-44B5-BAA4-D0FA50A3D48C}.Debug|Any CPU.Build.0 = Debug|Any CPU
		{F103C3B3-1161-44B5-BAA4-D0FA50A3D48C}.Release|Any CPU.ActiveCfg = Release|Any CPU
		{F103C3B3-1161-44B5-BAA4-D0FA50A3D48C}.Release|Any CPU.Build.0 = Release|Any CPU
		{4681AAAC-FD9F-4609-AC34-885E30464D51}.Debug|Any CPU.ActiveCfg = Debug|Any CPU
		{4681AAAC-FD9F-4609-AC34-885E30464D51}.Debug|Any CPU.Build.0 = Debug|Any CPU
		{4681AAAC-FD9F-4609-AC34-885E30464D51}.Release|Any CPU.ActiveCfg = Release|Any CPU
		{4681AAAC-FD9F-4609-AC34-885E30464D51}.Release|Any CPU.Build.0 = Release|Any CPU
	EndGlobalSection
	GlobalSection(SolutionProperties) = preSolution
		HideSolutionNode = FALSE
	EndGlobalSection
EndGlobal
